
Microsoft Visual Studio Solution File, Format Version 12.00
# Visual Studio Version 17
VisualStudioVersion = 17.9.34723.18
MinimumVisualStudioVersion = 10.0.40219.1
Project("{FAE04EC0-301F-11D3-BF4B-00C04F79EFBC}") = "ClubDeportivo-DSOO-PI", "ClubDeportivo-DSOO-PI\ClubDeportivo-DSOO-PI.csproj", "{8204A9C8-F1EC-4230-94FD-F8BAA99A6F1A}"
EndProject
Global
	GlobalSection(SolutionConfigurationPlatforms) = preSolution
		Debug|Any CPU = Debug|Any CPU
		Release|Any CPU = Release|Any CPU
	EndGlobalSection
	GlobalSection(ProjectConfigurationPlatforms) = postSolution
		{8204A9C8-F1EC-4230-94FD-F8BAA99A6F1A}.Debug|Any CPU.ActiveCfg = Debug|Any CPU
		{8204A9C8-F1EC-4230-94FD-F8BAA99A6F1A}.Debug|Any CPU.Build.0 = Debug|Any CPU
		{8204A9C8-F1EC-4230-94FD-F8BAA99A6F1A}.Release|Any CPU.ActiveCfg = Release|Any CPU
		{8204A9C8-F1EC-4230-94FD-F8BAA99A6F1A}.Release|Any CPU.Build.0 = Release|Any CPU
	EndGlobalSection
	GlobalSection(SolutionProperties) = preSolution
		HideSolutionNode = FALSE
	EndGlobalSection
	GlobalSection(ExtensibilityGlobals) = postSolution
		SolutionGuid = {7AF8D57A-F375-4D80-A6E5-545F138277D3}
	EndGlobalSection
EndGlobal
